
Microsoft Visual Studio Solution File, Format Version 12.00
# Visual Studio Version 17
VisualStudioVersion = 17.3.32825.248
MinimumVisualStudioVersion = 10.0.40219.1
Project("{9A19103F-16F7-4668-BE54-9A1E7A4F7556}") = "VDropLib", "VDropLib\VDropLib.csproj", "{30F061FF-7881-4A98-A8E8-E47155911A25}"
EndProject
Project("{9A19103F-16F7-4668-BE54-9A1E7A4F7556}") = "GraphLib", "GraphLib\GraphLib.csproj", "{E1119A6C-AF39-45EA-8372-C9EB3DE46CDA}"
EndProject
Project("{9A19103F-16F7-4668-BE54-9A1E7A4F7556}") = "NecFillLib", "NecFillLib\NecFillLib.csproj", "{785472B4-D17F-4D58-96B6-A6DAE9A5D98E}"
EndProject
Project("{9A19103F-16F7-4668-BE54-9A1E7A4F7556}") = "RouteLib", "RouteLib\RouteLib.csproj", "{7AA6BC96-7CE4-415A-B383-0FCEAB480DE8}"
EndProject
Project("{2150E333-8FDC-42A3-9474-1A3956D46DE8}") = "Libs", "Libs", "{B3F9D6D0-5DD1-4409-B10F-AD3CD7BD8F22}"
EndProject
Project("{9A19103F-16F7-4668-BE54-9A1E7A4F7556}") = "AppConsole", "AppConsole\AppConsole.csproj", "{302A2A38-22A8-43FB-BF2E-CF75410A86BC}"
EndProject
Project("{2150E333-8FDC-42A3-9474-1A3956D46DE8}") = "Tests", "Tests", "{F2C7E37E-BD56-48DA-A479-3DAEFCDD5CFF}"
EndProject
Project("{9A19103F-16F7-4668-BE54-9A1E7A4F7556}") = "RouteDB", "RouteDB\RouteDB.csproj", "{952E1B2D-A300-41AB-B341-68B5BC051BAB}"
EndProject
Project("{9A19103F-16F7-4668-BE54-9A1E7A4F7556}") = "UnitTestProject", "UnitTestProject\UnitTestProject.csproj", "{FF19C8FD-A72B-4E96-9BDE-AE4DBAA973EE}"
EndProject
Global
	GlobalSection(SolutionConfigurationPlatforms) = preSolution
		Debug|Any CPU = Debug|Any CPU
		Release|Any CPU = Release|Any CPU
	EndGlobalSection
	GlobalSection(ProjectConfigurationPlatforms) = postSolution
		{30F061FF-7881-4A98-A8E8-E47155911A25}.Debug|Any CPU.ActiveCfg = Debug|Any CPU
		{30F061FF-7881-4A98-A8E8-E47155911A25}.Debug|Any CPU.Build.0 = Debug|Any CPU
		{30F061FF-7881-4A98-A8E8-E47155911A25}.Release|Any CPU.ActiveCfg = Release|Any CPU
		{30F061FF-7881-4A98-A8E8-E47155911A25}.Release|Any CPU.Build.0 = Release|Any CPU
		{E1119A6C-AF39-45EA-8372-C9EB3DE46CDA}.Debug|Any CPU.ActiveCfg = Debug|Any CPU
		{E1119A6C-AF39-45EA-8372-C9EB3DE46CDA}.Debug|Any CPU.Build.0 = Debug|Any CPU
		{E1119A6C-AF39-45EA-8372-C9EB3DE46CDA}.Release|Any CPU.ActiveCfg = Release|Any CPU
		{E1119A6C-AF39-45EA-8372-C9EB3DE46CDA}.Release|Any CPU.Build.0 = Release|Any CPU
		{785472B4-D17F-4D58-96B6-A6DAE9A5D98E}.Debug|Any CPU.ActiveCfg = Debug|Any CPU
		{785472B4-D17F-4D58-96B6-A6DAE9A5D98E}.Debug|Any CPU.Build.0 = Debug|Any CPU
		{785472B4-D17F-4D58-96B6-A6DAE9A5D98E}.Release|Any CPU.ActiveCfg = Release|Any CPU
		{785472B4-D17F-4D58-96B6-A6DAE9A5D98E}.Release|Any CPU.Build.0 = Release|Any CPU
		{7AA6BC96-7CE4-415A-B383-0FCEAB480DE8}.Debug|Any CPU.ActiveCfg = Debug|Any CPU
		{7AA6BC96-7CE4-415A-B383-0FCEAB480DE8}.Debug|Any CPU.Build.0 = Debug|Any CPU
		{7AA6BC96-7CE4-415A-B383-0FCEAB480DE8}.Release|Any CPU.ActiveCfg = Release|Any CPU
		{7AA6BC96-7CE4-415A-B383-0FCEAB480DE8}.Release|Any CPU.Build.0 = Release|Any CPU
		{302A2A38-22A8-43FB-BF2E-CF75410A86BC}.Debug|Any CPU.ActiveCfg = Debug|Any CPU
		{302A2A38-22A8-43FB-BF2E-CF75410A86BC}.Debug|Any CPU.Build.0 = Debug|Any CPU
		{302A2A38-22A8-43FB-BF2E-CF75410A86BC}.Release|Any CPU.ActiveCfg = Release|Any CPU
		{302A2A38-22A8-43FB-BF2E-CF75410A86BC}.Release|Any CPU.Build.0 = Release|Any CPU
		{952E1B2D-A300-41AB-B341-68B5BC051BAB}.Debug|Any CPU.ActiveCfg = Debug|Any CPU
		{952E1B2D-A300-41AB-B341-68B5BC051BAB}.Debug|Any CPU.Build.0 = Debug|Any CPU
		{952E1B2D-A300-41AB-B341-68B5BC051BAB}.Release|Any CPU.ActiveCfg = Release|Any CPU
		{952E1B2D-A300-41AB-B341-68B5BC051BAB}.Release|Any CPU.Build.0 = Release|Any CPU
		{FF19C8FD-A72B-4E96-9BDE-AE4DBAA973EE}.Debug|Any CPU.ActiveCfg = Debug|Any CPU
		{FF19C8FD-A72B-4E96-9BDE-AE4DBAA973EE}.Debug|Any CPU.Build.0 = Debug|Any CPU
		{FF19C8FD-A72B-4E96-9BDE-AE4DBAA973EE}.Release|Any CPU.ActiveCfg = Release|Any CPU
		{FF19C8FD-A72B-4E96-9BDE-AE4DBAA973EE}.Release|Any CPU.Build.0 = Release|Any CPU
	EndGlobalSection
	GlobalSection(SolutionProperties) = preSolution
		HideSolutionNode = FALSE
	EndGlobalSection
	GlobalSection(NestedProjects) = preSolution
		{30F061FF-7881-4A98-A8E8-E47155911A25} = {B3F9D6D0-5DD1-4409-B10F-AD3CD7BD8F22}
		{E1119A6C-AF39-45EA-8372-C9EB3DE46CDA} = {B3F9D6D0-5DD1-4409-B10F-AD3CD7BD8F22}
		{785472B4-D17F-4D58-96B6-A6DAE9A5D98E} = {B3F9D6D0-5DD1-4409-B10F-AD3CD7BD8F22}
		{7AA6BC96-7CE4-415A-B383-0FCEAB480DE8} = {B3F9D6D0-5DD1-4409-B10F-AD3CD7BD8F22}
		{302A2A38-22A8-43FB-BF2E-CF75410A86BC} = {F2C7E37E-BD56-48DA-A479-3DAEFCDD5CFF}
		{952E1B2D-A300-41AB-B341-68B5BC051BAB} = {F2C7E37E-BD56-48DA-A479-3DAEFCDD5CFF}
		{FF19C8FD-A72B-4E96-9BDE-AE4DBAA973EE} = {F2C7E37E-BD56-48DA-A479-3DAEFCDD5CFF}
	EndGlobalSection
	GlobalSection(ExtensibilityGlobals) = postSolution
		SolutionGuid = {D865710E-3C10-4195-BA78-3D471875F864}
	EndGlobalSection
EndGlobal
